
Microsoft Visual Studio Solution File, Format Version 12.00
# Visual Studio Version 17
VisualStudioVersion = 17.1.32319.34
MinimumVisualStudioVersion = 10.0.40219.1
Project("{2150E333-8FDC-42A3-9474-1A3956D46DE8}") = "WebApi", "WebApi", "{2726A9F4-DF47-4EF5-97A9-C5AB5AF12C8D}"
EndProject
Project("{FAE04EC0-301F-11D3-BF4B-00C04F79EFBC}") = "Crud.Api", "Crud.Api\Crud.Api.csproj", "{E2CDAF94-0C1D-4285-AFAA-9B53E9955C6A}"
EndProject
Project("{FAE04EC0-301F-11D3-BF4B-00C04F79EFBC}") = "Domain.Layer", "Domain.Layer\Domain.Layer.csproj", "{3B7405BE-383D-41BD-98E1-2EC8B11A21C1}"
EndProject
Project("{FAE04EC0-301F-11D3-BF4B-00C04F79EFBC}") = "Service.Layer", "Service.Layer\Service.Layer.csproj", "{F11FC887-3868-4759-B0C3-11BFD104E8A2}"
EndProject
Project("{FAE04EC0-301F-11D3-BF4B-00C04F79EFBC}") = "Persistence.Layer", "Persistence\Persistence.Layer.csproj", "{DF44F8DC-C772-4235-B5DE-83D554372A30}"
EndProject
Project("{2150E333-8FDC-42A3-9474-1A3956D46DE8}") = "Presentacion", "Presentacion", "{0A1EA9B9-8083-42C7-AB33-FAE4110DF8E5}"
EndProject
Project("{FAE04EC0-301F-11D3-BF4B-00C04F79EFBC}") = "CRUDApp", "CRUDApp\CRUDApp.csproj", "{B3A012CE-C582-4BA3-98F4-D9C943F320E9}"
EndProject
Global
	GlobalSection(SolutionConfigurationPlatforms) = preSolution
		Debug|Any CPU = Debug|Any CPU
		Release|Any CPU = Release|Any CPU
	EndGlobalSection
	GlobalSection(ProjectConfigurationPlatforms) = postSolution
		{E2CDAF94-0C1D-4285-AFAA-9B53E9955C6A}.Debug|Any CPU.ActiveCfg = Debug|Any CPU
		{E2CDAF94-0C1D-4285-AFAA-9B53E9955C6A}.Debug|Any CPU.Build.0 = Debug|Any CPU
		{E2CDAF94-0C1D-4285-AFAA-9B53E9955C6A}.Release|Any CPU.ActiveCfg = Release|Any CPU
		{E2CDAF94-0C1D-4285-AFAA-9B53E9955C6A}.Release|Any CPU.Build.0 = Release|Any CPU
		{3B7405BE-383D-41BD-98E1-2EC8B11A21C1}.Debug|Any CPU.ActiveCfg = Debug|Any CPU
		{3B7405BE-383D-41BD-98E1-2EC8B11A21C1}.Debug|Any CPU.Build.0 = Debug|Any CPU
		{3B7405BE-383D-41BD-98E1-2EC8B11A21C1}.Release|Any CPU.ActiveCfg = Release|Any CPU
		{3B7405BE-383D-41BD-98E1-2EC8B11A21C1}.Release|Any CPU.Build.0 = Release|Any CPU
		{F11FC887-3868-4759-B0C3-11BFD104E8A2}.Debug|Any CPU.ActiveCfg = Debug|Any CPU
		{F11FC887-3868-4759-B0C3-11BFD104E8A2}.Debug|Any CPU.Build.0 = Debug|Any CPU
		{F11FC887-3868-4759-B0C3-11BFD104E8A2}.Release|Any CPU.ActiveCfg = Release|Any CPU
		{F11FC887-3868-4759-B0C3-11BFD104E8A2}.Release|Any CPU.Build.0 = Release|Any CPU
		{DF44F8DC-C772-4235-B5DE-83D554372A30}.Debug|Any CPU.ActiveCfg = Debug|Any CPU
		{DF44F8DC-C772-4235-B5DE-83D554372A30}.Debug|Any CPU.Build.0 = Debug|Any CPU
		{DF44F8DC-C772-4235-B5DE-83D554372A30}.Release|Any CPU.ActiveCfg = Release|Any CPU
		{DF44F8DC-C772-4235-B5DE-83D554372A30}.Release|Any CPU.Build.0 = Release|Any CPU
		{B3A012CE-C582-4BA3-98F4-D9C943F320E9}.Debug|Any CPU.ActiveCfg = Debug|Any CPU
		{B3A012CE-C582-4BA3-98F4-D9C943F320E9}.Debug|Any CPU.Build.0 = Debug|Any CPU
		{B3A012CE-C582-4BA3-98F4-D9C943F320E9}.Release|Any CPU.ActiveCfg = Release|Any CPU
		{B3A012CE-C582-4BA3-98F4-D9C943F320E9}.Release|Any CPU.Build.0 = Release|Any CPU
	EndGlobalSection
	GlobalSection(SolutionProperties) = preSolution
		HideSolutionNode = FALSE
	EndGlobalSection
	GlobalSection(NestedProjects) = preSolution
		{E2CDAF94-0C1D-4285-AFAA-9B53E9955C6A} = {2726A9F4-DF47-4EF5-97A9-C5AB5AF12C8D}
		{3B7405BE-383D-41BD-98E1-2EC8B11A21C1} = {2726A9F4-DF47-4EF5-97A9-C5AB5AF12C8D}
		{F11FC887-3868-4759-B0C3-11BFD104E8A2} = {2726A9F4-DF47-4EF5-97A9-C5AB5AF12C8D}
		{DF44F8DC-C772-4235-B5DE-83D554372A30} = {2726A9F4-DF47-4EF5-97A9-C5AB5AF12C8D}
		{B3A012CE-C582-4BA3-98F4-D9C943F320E9} = {0A1EA9B9-8083-42C7-AB33-FAE4110DF8E5}
	EndGlobalSection
	GlobalSection(ExtensibilityGlobals) = postSolution
		SolutionGuid = {1747E864-3639-4EBE-B18D-419618D91F26}
	EndGlobalSection
EndGlobal
